
Microsoft Visual Studio Solution File, Format Version 12.00
# Visual Studio Version 17
VisualStudioVersion = 17.0.32014.148
MinimumVisualStudioVersion = 10.0.40219.1
Project("{9A19103F-16F7-4668-BE54-9A1E7A4F7556}") = "AutoGUI", "AutoGUI.csproj", "{00E37CB7-1086-437A-8F65-408FF9773CFA}"
EndProject
Project("{FAE04EC0-301F-11D3-BF4B-00C04F79EFBC}") = "AutoGui_Example", "..\AutoGui_Example\AutoGui_Example.csproj", "{CA09B502-ABD4-4387-BE1D-3DC647A57023}"
EndProject
Global
	GlobalSection(SolutionConfigurationPlatforms) = preSolution
		Debug|Any CPU = Debug|Any CPU
		Release|Any CPU = Release|Any CPU
	EndGlobalSection
	GlobalSection(ProjectConfigurationPlatforms) = postSolution
		{00E37CB7-1086-437A-8F65-408FF9773CFA}.Debug|Any CPU.ActiveCfg = Debug|Any CPU
		{00E37CB7-1086-437A-8F65-408FF9773CFA}.Debug|Any CPU.Build.0 = Debug|Any CPU
		{00E37CB7-1086-437A-8F65-408FF9773CFA}.Release|Any CPU.ActiveCfg = Release|Any CPU
		{00E37CB7-1086-437A-8F65-408FF9773CFA}.Release|Any CPU.Build.0 = Release|Any CPU
		{CA09B502-ABD4-4387-BE1D-3DC647A57023}.Debug|Any CPU.ActiveCfg = Debug|Any CPU
		{CA09B502-ABD4-4387-BE1D-3DC647A57023}.Debug|Any CPU.Build.0 = Debug|Any CPU
		{CA09B502-ABD4-4387-BE1D-3DC647A57023}.Release|Any CPU.ActiveCfg = Release|Any CPU
		{CA09B502-ABD4-4387-BE1D-3DC647A57023}.Release|Any CPU.Build.0 = Release|Any CPU
	EndGlobalSection
	GlobalSection(SolutionProperties) = preSolution
		HideSolutionNode = FALSE
	EndGlobalSection
	GlobalSection(ExtensibilityGlobals) = postSolution
		SolutionGuid = {DACC78B5-A0DC-4D5D-B944-F63272B05C85}
	EndGlobalSection
EndGlobal
